
Microsoft Visual Studio Solution File, Format Version 12.00
# Visual Studio Version 17
VisualStudioVersion = 17.14.36401.2 d17.14
MinimumVisualStudioVersion = 10.0.40219.1
Project("{FAE04EC0-301F-11D3-BF4B-00C04F79EFBC}") = "WPF_Empregado_BD", "WPF_Empregado_BD.csproj", "{57014895-84A2-4FBE-AFA6-51C2A9EFA040}"
EndProject
Global
	GlobalSection(SolutionConfigurationPlatforms) = preSolution
		Debug|Any CPU = Debug|Any CPU
		Release|Any CPU = Release|Any CPU
	EndGlobalSection
	GlobalSection(ProjectConfigurationPlatforms) = postSolution
		{57014895-84A2-4FBE-AFA6-51C2A9EFA040}.Debug|Any CPU.ActiveCfg = Debug|Any CPU
		{57014895-84A2-4FBE-AFA6-51C2A9EFA040}.Debug|Any CPU.Build.0 = Debug|Any CPU
		{57014895-84A2-4FBE-AFA6-51C2A9EFA040}.Release|Any CPU.ActiveCfg = Release|Any CPU
		{57014895-84A2-4FBE-AFA6-51C2A9EFA040}.Release|Any CPU.Build.0 = Release|Any CPU
	EndGlobalSection
	GlobalSection(SolutionProperties) = preSolution
		HideSolutionNode = FALSE
	EndGlobalSection
	GlobalSection(ExtensibilityGlobals) = postSolution
		SolutionGuid = {E8B50804-B091-4840-B5EE-FC7F5ED8F38A}
	EndGlobalSection
EndGlobal
